// !$*UTF8*$!
{
	archiveVersion = 1;
	classes = {
	};
	objectVersion = 50;
	objects = {

/* Begin PBXBuildFile section */
		223084A155DF01D144566518 /* Pods_flix.framework in Frameworks */ = {isa = PBXBuildFile; fileRef = CD378850381F7A483C7BC311 /* Pods_flix.framework */; };
		77E84FF4056A4D0F07CCC0E9 /* Pods_flixTests.framework in Frameworks */ = {isa = PBXBuildFile; fileRef = 5037E70591C2E04C3DC1C310 /* Pods_flixTests.framework */; };
		82083EF49C809E4FF70CC933 /* Pods_flix_flixUITests.framework in Frameworks */ = {isa = PBXBuildFile; fileRef = 3B6C8B76ED272A3902276293 /* Pods_flix_flixUITests.framework */; };
		F55F840525DE132F001CAC53 /* AppDelegate.swift in Sources */ = {isa = PBXBuildFile; fileRef = F55F840425DE132F001CAC53 /* AppDelegate.swift */; };
		F55F840725DE132F001CAC53 /* SceneDelegate.swift in Sources */ = {isa = PBXBuildFile; fileRef = F55F840625DE132F001CAC53 /* SceneDelegate.swift */; };
		F55F840925DE132F001CAC53 /* ViewController.swift in Sources */ = {isa = PBXBuildFile; fileRef = F55F840825DE132F001CAC53 /* ViewController.swift */; };
		F55F840C25DE132F001CAC53 /* Main.storyboard in Resources */ = {isa = PBXBuildFile; fileRef = F55F840A25DE132F001CAC53 /* Main.storyboard */; };
		F55F840E25DE1331001CAC53 /* Assets.xcassets in Resources */ = {isa = PBXBuildFile; fileRef = F55F840D25DE1331001CAC53 /* Assets.xcassets */; };
		F55F841125DE1331001CAC53 /* LaunchScreen.storyboard in Resources */ = {isa = PBXBuildFile; fileRef = F55F840F25DE1331001CAC53 /* LaunchScreen.storyboard */; };
		F55F841C25DE1331001CAC53 /* flixTests.swift in Sources */ = {isa = PBXBuildFile; fileRef = F55F841B25DE1331001CAC53 /* flixTests.swift */; };
		F55F842725DE1331001CAC53 /* flixUITests.swift in Sources */ = {isa = PBXBuildFile; fileRef = F55F842625DE1331001CAC53 /* flixUITests.swift */; };
		F55F843825DE3FA4001CAC53 /* MoviesViewController.swift in Sources */ = {isa = PBXBuildFile; fileRef = F55F843725DE3FA4001CAC53 /* MoviesViewController.swift */; };
		F55F844525DF27BB001CAC53 /* MovieCell.swift in Sources */ = {isa = PBXBuildFile; fileRef = F55F844425DF27BB001CAC53 /* MovieCell.swift */; };
/* End PBXBuildFile section */

/* Begin PBXContainerItemProxy section */
		F55F841825DE1331001CAC53 /* PBXContainerItemProxy */ = {
			isa = PBXContainerItemProxy;
			containerPortal = F55F83F925DE132F001CAC53 /* Project object */;
			proxyType = 1;
			remoteGlobalIDString = F55F840025DE132F001CAC53;
			remoteInfo = flix;
		};
		F55F842325DE1331001CAC53 /* PBXContainerItemProxy */ = {
			isa = PBXContainerItemProxy;
			containerPortal = F55F83F925DE132F001CAC53 /* Project object */;
			proxyType = 1;
			remoteGlobalIDString = F55F840025DE132F001CAC53;
			remoteInfo = flix;
		};
/* End PBXContainerItemProxy section */

/* Begin PBXFileReference section */
		36617108F26CBEB2B3DA7D51 /* Pods-flix.release.xcconfig */ = {isa = PBXFileReference; includeInIndex = 1; lastKnownFileType = text.xcconfig; name = "Pods-flix.release.xcconfig"; path = "Target Support Files/Pods-flix/Pods-flix.release.xcconfig"; sourceTree = "<group>"; };
		3B6C8B76ED272A3902276293 /* Pods_flix_flixUITests.framework */ = {isa = PBXFileReference; explicitFileType = wrapper.framework; includeInIndex = 0; path = Pods_flix_flixUITests.framework; sourceTree = BUILT_PRODUCTS_DIR; };
		4B201DACB16A49ADC46D5AB5 /* Pods-flix-flixUITests.debug.xcconfig */ = {isa = PBXFileReference; includeInIndex = 1; lastKnownFileType = text.xcconfig; name = "Pods-flix-flixUITests.debug.xcconfig"; path = "Target Support Files/Pods-flix-flixUITests/Pods-flix-flixUITests.debug.xcconfig"; sourceTree = "<group>"; };
		5037E70591C2E04C3DC1C310 /* Pods_flixTests.framework */ = {isa = PBXFileReference; explicitFileType = wrapper.framework; includeInIndex = 0; path = Pods_flixTests.framework; sourceTree = BUILT_PRODUCTS_DIR; };
		5DCAD75B268F177322305AF1 /* Pods-flix-flixUITests.release.xcconfig */ = {isa = PBXFileReference; includeInIndex = 1; lastKnownFileType = text.xcconfig; name = "Pods-flix-flixUITests.release.xcconfig"; path = "Target Support Files/Pods-flix-flixUITests/Pods-flix-flixUITests.release.xcconfig"; sourceTree = "<group>"; };
		BF73998666413428DBCE92DA /* Pods-flix.debug.xcconfig */ = {isa = PBXFileReference; includeInIndex = 1; lastKnownFileType = text.xcconfig; name = "Pods-flix.debug.xcconfig"; path = "Target Support Files/Pods-flix/Pods-flix.debug.xcconfig"; sourceTree = "<group>"; };
		CD378850381F7A483C7BC311 /* Pods_flix.framework */ = {isa = PBXFileReference; explicitFileType = wrapper.framework; includeInIndex = 0; path = Pods_flix.framework; sourceTree = BUILT_PRODUCTS_DIR; };
		D01FD20B6004B62603AAFFC5 /* Pods-flixTests.release.xcconfig */ = {isa = PBXFileReference; includeInIndex = 1; lastKnownFileType = text.xcconfig; name = "Pods-flixTests.release.xcconfig"; path = "Target Support Files/Pods-flixTests/Pods-flixTests.release.xcconfig"; sourceTree = "<group>"; };
		E43FA5328FE7953BFA56CC8E /* Pods-flixTests.debug.xcconfig */ = {isa = PBXFileReference; includeInIndex = 1; lastKnownFileType = text.xcconfig; name = "Pods-flixTests.debug.xcconfig"; path = "Target Support Files/Pods-flixTests/Pods-flixTests.debug.xcconfig"; sourceTree = "<group>"; };
		F55F840125DE132F001CAC53 /* flix.app */ = {isa = PBXFileReference; explicitFileType = wrapper.application; includeInIndex = 0; path = flix.app; sourceTree = BUILT_PRODUCTS_DIR; };
		F55F840425DE132F001CAC53 /* AppDelegate.swift */ = {isa = PBXFileReference; lastKnownFileType = sourcecode.swift; path = AppDelegate.swift; sourceTree = "<group>"; };
		F55F840625DE132F001CAC53 /* SceneDelegate.swift */ = {isa = PBXFileReference; lastKnownFileType = sourcecode.swift; path = SceneDelegate.swift; sourceTree = "<group>"; };
		F55F840825DE132F001CAC53 /* ViewController.swift */ = {isa = PBXFileReference; lastKnownFileType = sourcecode.swift; path = ViewController.swift; sourceTree = "<group>"; };
		F55F840B25DE132F001CAC53 /* Base */ = {isa = PBXFileReference; lastKnownFileType = file.storyboard; name = Base; path = Base.lproj/Main.storyboard; sourceTree = "<group>"; };
		F55F840D25DE1331001CAC53 /* Assets.xcassets */ = {isa = PBXFileReference; lastKnownFileType = folder.assetcatalog; path = Assets.xcassets; sourceTree = "<group>"; };
		F55F841025DE1331001CAC53 /* Base */ = {isa = PBXFileReference; lastKnownFileType = file.storyboard; name = Base; path = Base.lproj/LaunchScreen.storyboard; sourceTree = "<group>"; };
		F55F841225DE1331001CAC53 /* Info.plist */ = {isa = PBXFileReference; lastKnownFileType = text.plist.xml; path = Info.plist; sourceTree = "<group>"; };
		F55F841725DE1331001CAC53 /* flixTests.xctest */ = {isa = PBXFileReference; explicitFileType = wrapper.cfbundle; includeInIndex = 0; path = flixTests.xctest; sourceTree = BUILT_PRODUCTS_DIR; };
		F55F841B25DE1331001CAC53 /* flixTests.swift */ = {isa = PBXFileReference; lastKnownFileType = sourcecode.swift; path = flixTests.swift; sourceTree = "<group>"; };
		F55F841D25DE1331001CAC53 /* Info.plist */ = {isa = PBXFileReference; lastKnownFileType = text.plist.xml; path = Info.plist; sourceTree = "<group>"; };
		F55F842225DE1331001CAC53 /* flixUITests.xctest */ = {isa = PBXFileReference; explicitFileType = wrapper.cfbundle; includeInIndex = 0; path = flixUITests.xctest; sourceTree = BUILT_PRODUCTS_DIR; };
		F55F842625DE1331001CAC53 /* flixUITests.swift */ = {isa = PBXFileReference; lastKnownFileType = sourcecode.swift; path = flixUITests.swift; sourceTree = "<group>"; };
		F55F842825DE1331001CAC53 /* Info.plist */ = {isa = PBXFileReference; lastKnownFileType = text.plist.xml; path = Info.plist; sourceTree = "<group>"; };
		F55F843725DE3FA4001CAC53 /* MoviesViewController.swift */ = {isa = PBXFileReference; lastKnownFileType = sourcecode.swift; path = MoviesViewController.swift; sourceTree = "<group>"; };
		F55F844425DF27BB001CAC53 /* MovieCell.swift */ = {isa = PBXFileReference; lastKnownFileType = sourcecode.swift; path = MovieCell.swift; sourceTree = "<group>"; };
/* End PBXFileReference section */

/* Begin PBXFrameworksBuildPhase section */
		F55F83FE25DE132F001CAC53 /* Frameworks */ = {
			isa = PBXFrameworksBuildPhase;
			buildActionMask = 2147483647;
			files = (
				223084A155DF01D144566518 /* Pods_flix.framework in Frameworks */,
			);
			runOnlyForDeploymentPostprocessing = 0;
		};
		F55F841425DE1331001CAC53 /* Frameworks */ = {
			isa = PBXFrameworksBuildPhase;
			buildActionMask = 2147483647;
			files = (
				77E84FF4056A4D0F07CCC0E9 /* Pods_flixTests.framework in Frameworks */,
			);
			runOnlyForDeploymentPostprocessing = 0;
		};
		F55F841F25DE1331001CAC53 /* Frameworks */ = {
			isa = PBXFrameworksBuildPhase;
			buildActionMask = 2147483647;
			files = (
				82083EF49C809E4FF70CC933 /* Pods_flix_flixUITests.framework in Frameworks */,
			);
			runOnlyForDeploymentPostprocessing = 0;
		};
/* End PBXFrameworksBuildPhase section */

/* Begin PBXGroup section */
		6C005B167B05456235F6BA4E /* Frameworks */ = {
			isa = PBXGroup;
			children = (
				CD378850381F7A483C7BC311 /* Pods_flix.framework */,
				3B6C8B76ED272A3902276293 /* Pods_flix_flixUITests.framework */,
				5037E70591C2E04C3DC1C310 /* Pods_flixTests.framework */,
			);
			name = Frameworks;
			sourceTree = "<group>";
		};
		7BA69EC5CF394D3779E025C7 /* Pods */ = {
			isa = PBXGroup;
			children = (
				BF73998666413428DBCE92DA /* Pods-flix.debug.xcconfig */,
				36617108F26CBEB2B3DA7D51 /* Pods-flix.release.xcconfig */,
				4B201DACB16A49ADC46D5AB5 /* Pods-flix-flixUITests.debug.xcconfig */,
				5DCAD75B268F177322305AF1 /* Pods-flix-flixUITests.release.xcconfig */,
				E43FA5328FE7953BFA56CC8E /* Pods-flixTests.debug.xcconfig */,
				D01FD20B6004B62603AAFFC5 /* Pods-flixTests.release.xcconfig */,
			);
			name = Pods;
			path = Pods;
			sourceTree = "<group>";
		};
		F55F83F825DE132F001CAC53 = {
			isa = PBXGroup;
			children = (
				F55F840325DE132F001CAC53 /* flix */,
				F55F841A25DE1331001CAC53 /* flixTests */,
				F55F842525DE1331001CAC53 /* flixUITests */,
				F55F840225DE132F001CAC53 /* Products */,
				7BA69EC5CF394D3779E025C7 /* Pods */,
				6C005B167B05456235F6BA4E /* Frameworks */,
			);
			sourceTree = "<group>";
		};
		F55F840225DE132F001CAC53 /* Products */ = {
			isa = PBXGroup;
			children = (
				F55F840125DE132F001CAC53 /* flix.app */,
				F55F841725DE1331001CAC53 /* flixTests.xctest */,
				F55F842225DE1331001CAC53 /* flixUITests.xctest */,
			);
			name = Products;
			sourceTree = "<group>";
		};
		F55F840325DE132F001CAC53 /* flix */ = {
			isa = PBXGroup;
			children = (
				F55F840425DE132F001CAC53 /* AppDelegate.swift */,
				F55F840625DE132F001CAC53 /* SceneDelegate.swift */,
				F55F840825DE132F001CAC53 /* ViewController.swift */,
				F55F840A25DE132F001CAC53 /* Main.storyboard */,
				F55F840D25DE1331001CAC53 /* Assets.xcassets */,
				F55F840F25DE1331001CAC53 /* LaunchScreen.storyboard */,
				F55F841225DE1331001CAC53 /* Info.plist */,
				F55F843725DE3FA4001CAC53 /* MoviesViewController.swift */,
				F55F844425DF27BB001CAC53 /* MovieCell.swift */,
			);
			path = flix;
			sourceTree = "<group>";
		};
		F55F841A25DE1331001CAC53 /* flixTests */ = {
			isa = PBXGroup;
			children = (
				F55F841B25DE1331001CAC53 /* flixTests.swift */,
				F55F841D25DE1331001CAC53 /* Info.plist */,
			);
			path = flixTests;
			sourceTree = "<group>";
		};
		F55F842525DE1331001CAC53 /* flixUITests */ = {
			isa = PBXGroup;
			children = (
				F55F842625DE1331001CAC53 /* flixUITests.swift */,
				F55F842825DE1331001CAC53 /* Info.plist */,
			);
			path = flixUITests;
			sourceTree = "<group>";
		};
/* End PBXGroup section */

/* Begin PBXNativeTarget section */
		F55F840025DE132F001CAC53 /* flix */ = {
			isa = PBXNativeTarget;
			buildConfigurationList = F55F842B25DE1331001CAC53 /* Build configuration list for PBXNativeTarget "flix" */;
			buildPhases = (
				18E2BFCFFCC16FE813E61727 /* [CP] Check Pods Manifest.lock */,
				F55F83FD25DE132F001CAC53 /* Sources */,
				F55F83FE25DE132F001CAC53 /* Frameworks */,
				F55F83FF25DE132F001CAC53 /* Resources */,
				1192598E09D537D3996F7F64 /* [CP] Embed Pods Frameworks */,
			);
			buildRules = (
			);
			dependencies = (
			);
			name = flix;
			productName = flix;
			productReference = F55F840125DE132F001CAC53 /* flix.app */;
			productType = "com.apple.product-type.application";
		};
		F55F841625DE1331001CAC53 /* flixTests */ = {
			isa = PBXNativeTarget;
			buildConfigurationList = F55F842E25DE1331001CAC53 /* Build configuration list for PBXNativeTarget "flixTests" */;
			buildPhases = (
				13F7E31D67C6187C035E3081 /* [CP] Check Pods Manifest.lock */,
				F55F841325DE1331001CAC53 /* Sources */,
				F55F841425DE1331001CAC53 /* Frameworks */,
				F55F841525DE1331001CAC53 /* Resources */,
			);
			buildRules = (
			);
			dependencies = (
				F55F841925DE1331001CAC53 /* PBXTargetDependency */,
			);
			name = flixTests;
			productName = flixTests;
			productReference = F55F841725DE1331001CAC53 /* flixTests.xctest */;
			productType = "com.apple.product-type.bundle.unit-test";
		};
		F55F842125DE1331001CAC53 /* flixUITests */ = {
			isa = PBXNativeTarget;
			buildConfigurationList = F55F843125DE1331001CAC53 /* Build configuration list for PBXNativeTarget "flixUITests" */;
			buildPhases = (
				70F12A95A3DF7ADF7F8762B5 /* [CP] Check Pods Manifest.lock */,
				F55F841E25DE1331001CAC53 /* Sources */,
				F55F841F25DE1331001CAC53 /* Frameworks */,
				F55F842025DE1331001CAC53 /* Resources */,
				683A0660534390582F5FF366 /* [CP] Embed Pods Frameworks */,
			);
			buildRules = (
			);
			dependencies = (
				F55F842425DE1331001CAC53 /* PBXTargetDependency */,
			);
			name = flixUITests;
			productName = flixUITests;
			productReference = F55F842225DE1331001CAC53 /* flixUITests.xctest */;
			productType = "com.apple.product-type.bundle.ui-testing";
		};
/* End PBXNativeTarget section */

/* Begin PBXProject section */
		F55F83F925DE132F001CAC53 /* Project object */ = {
			isa = PBXProject;
			attributes = {
				LastSwiftUpdateCheck = 1240;
				LastUpgradeCheck = 1240;
				TargetAttributes = {
					F55F840025DE132F001CAC53 = {
						CreatedOnToolsVersion = 12.4;
					};
					F55F841625DE1331001CAC53 = {
						CreatedOnToolsVersion = 12.4;
						TestTargetID = F55F840025DE132F001CAC53;
					};
					F55F842125DE1331001CAC53 = {
						CreatedOnToolsVersion = 12.4;
						TestTargetID = F55F840025DE132F001CAC53;
					};
				};
			};
			buildConfigurationList = F55F83FC25DE132F001CAC53 /* Build configuration list for PBXProject "flix" */;
			compatibilityVersion = "Xcode 9.3";
			developmentRegion = en;
			hasScannedForEncodings = 0;
			knownRegions = (
				en,
				Base,
			);
			mainGroup = F55F83F825DE132F001CAC53;
			productRefGroup = F55F840225DE132F001CAC53 /* Products */;
			projectDirPath = "";
			projectRoot = "";
			targets = (
				F55F840025DE132F001CAC53 /* flix */,
				F55F841625DE1331001CAC53 /* flixTests */,
				F55F842125DE1331001CAC53 /* flixUITests */,
			);
		};
/* End PBXProject section */

/* Begin PBXResourcesBuildPhase section */
		F55F83FF25DE132F001CAC53 /* Resources */ = {
			isa = PBXResourcesBuildPhase;
			buildActionMask = 2147483647;
			files = (
				F55F841125DE1331001CAC53 /* LaunchScreen.storyboard in Resources */,
				F55F840E25DE1331001CAC53 /* Assets.xcassets in Resources */,
				F55F840C25DE132F001CAC53 /* Main.storyboard in Resources */,
			);
			runOnlyForDeploymentPostprocessing = 0;
		};
		F55F841525DE1331001CAC53 /* Resources */ = {
			isa = PBXResourcesBuildPhase;
			buildActionMask = 2147483647;
			files = (
			);
			runOnlyForDeploymentPostprocessing = 0;
		};
		F55F842025DE1331001CAC53 /* Resources */ = {
			isa = PBXResourcesBuildPhase;
			buildActionMask = 2147483647;
			files = (
			);
			runOnlyForDeploymentPostprocessing = 0;
		};
/* End PBXResourcesBuildPhase section */

/* Begin PBXShellScriptBuildPhase section */
		1192598E09D537D3996F7F64 /* [CP] Embed Pods Frameworks */ = {
			isa = PBXShellScriptBuildPhase;
			buildActionMask = 2147483647;
			files = (
			);
			inputFileListPaths = (
				"${PODS_ROOT}/Target Support Files/Pods-flix/Pods-flix-frameworks-${CONFIGURATION}-input-files.xcfilelist",
			);
			name = "[CP] Embed Pods Frameworks";
			outputFileListPaths = (
				"${PODS_ROOT}/Target Support Files/Pods-flix/Pods-flix-frameworks-${CONFIGURATION}-output-files.xcfilelist",
			);
			runOnlyForDeploymentPostprocessing = 0;
			shellPath = /bin/sh;
			shellScript = "\"${PODS_ROOT}/Target Support Files/Pods-flix/Pods-flix-frameworks.sh\"\n";
			showEnvVarsInLog = 0;
		};
		13F7E31D67C6187C035E3081 /* [CP] Check Pods Manifest.lock */ = {
			isa = PBXShellScriptBuildPhase;
			buildActionMask = 2147483647;
			files = (
			);
			inputFileListPaths = (
			);
			inputPaths = (
				"${PODS_PODFILE_DIR_PATH}/Podfile.lock",
				"${PODS_ROOT}/Manifest.lock",
			);
			name = "[CP] Check Pods Manifest.lock";
			outputFileListPaths = (
			);
			outputPaths = (
				"$(DERIVED_FILE_DIR)/Pods-flixTests-checkManifestLockResult.txt",
			);
			runOnlyForDeploymentPostprocessing = 0;
			shellPath = /bin/sh;
			shellScript = "diff \"${PODS_PODFILE_DIR_PATH}/Podfile.lock\" \"${PODS_ROOT}/Manifest.lock\" > /dev/null\nif [ $? != 0 ] ; then\n    # print error to STDERR\n    echo \"error: The sandbox is not in sync with the Podfile.lock. Run 'pod install' or update your CocoaPods installation.\" >&2\n    exit 1\nfi\n# This output is used by Xcode 'outputs' to avoid re-running this script phase.\necho \"SUCCESS\" > \"${SCRIPT_OUTPUT_FILE_0}\"\n";
			showEnvVarsInLog = 0;
		};
		18E2BFCFFCC16FE813E61727 /* [CP] Check Pods Manifest.lock */ = {
			isa = PBXShellScriptBuildPhase;
			buildActionMask = 2147483647;
			files = (
			);
			inputFileListPaths = (
			);
			inputPaths = (
				"${PODS_PODFILE_DIR_PATH}/Podfile.lock",
				"${PODS_ROOT}/Manifest.lock",
			);
			name = "[CP] Check Pods Manifest.lock";
			outputFileListPaths = (
			);
			outputPaths = (
				"$(DERIVED_FILE_DIR)/Pods-flix-checkManifestLockResult.txt",
			);
			runOnlyForDeploymentPostprocessing = 0;
			shellPath = /bin/sh;
			shellScript = "diff \"${PODS_PODFILE_DIR_PATH}/Podfile.lock\" \"${PODS_ROOT}/Manifest.lock\" > /dev/null\nif [ $? != 0 ] ; then\n    # print error to STDERR\n    echo \"error: The sandbox is not in sync with the Podfile.lock. Run 'pod install' or update your CocoaPods installation.\" >&2\n    exit 1\nfi\n# This output is used by Xcode 'outputs' to avoid re-running this script phase.\necho \"SUCCESS\" > \"${SCRIPT_OUTPUT_FILE_0}\"\n";
			showEnvVarsInLog = 0;
		};
		683A0660534390582F5FF366 /* [CP] Embed Pods Frameworks */ = {
			isa = PBXShellScriptBuildPhase;
			buildActionMask = 2147483647;
			files = (
			);
			inputFileListPaths = (
				"${PODS_ROOT}/Target Support Files/Pods-flix-flixUITests/Pods-flix-flixUITests-frameworks-${CONFIGURATION}-input-files.xcfilelist",
			);
			name = "[CP] Embed Pods Frameworks";
			outputFileListPaths = (
				"${PODS_ROOT}/Target Support Files/Pods-flix-flixUITests/Pods-flix-flixUITests-frameworks-${CONFIGURATION}-output-files.xcfilelist",
			);
			runOnlyForDeploymentPostprocessing = 0;
			shellPath = /bin/sh;
			shellScript = "\"${PODS_ROOT}/Target Support Files/Pods-flix-flixUITests/Pods-flix-flixUITests-frameworks.sh\"\n";
			showEnvVarsInLog = 0;
		};
		70F12A95A3DF7ADF7F8762B5 /* [CP] Check Pods Manifest.lock */ = {
			isa = PBXShellScriptBuildPhase;
			buildActionMask = 2147483647;
			files = (
			);
			inputFileListPaths = (
			);
			inputPaths = (
				"${PODS_PODFILE_DIR_PATH}/Podfile.lock",
				"${PODS_ROOT}/Manifest.lock",
			);
			name = "[CP] Check Pods Manifest.lock";
			outputFileListPaths = (
			);
			outputPaths = (
				"$(DERIVED_FILE_DIR)/Pods-flix-flixUITests-checkManifestLockResult.txt",
			);
			runOnlyForDeploymentPostprocessing = 0;
			shellPath = /bin/sh;
			shellScript = "diff \"${PODS_PODFILE_DIR_PATH}/Podfile.lock\" \"${PODS_ROOT}/Manifest.lock\" > /dev/null\nif [ $? != 0 ] ; then\n    # print error to STDERR\n    echo \"error: The sandbox is not in sync with the Podfile.lock. Run 'pod install' or update your CocoaPods installation.\" >&2\n    exit 1\nfi\n# This output is used by Xcode 'outputs' to avoid re-running this script phase.\necho \"SUCCESS\" > \"${SCRIPT_OUTPUT_FILE_0}\"\n";
			showEnvVarsInLog = 0;
		};
/* End PBXShellScriptBuildPhase section */

/* Begin PBXSourcesBuildPhase section */
		F55F83FD25DE132F001CAC53 /* Sources */ = {
			isa = PBXSourcesBuildPhase;
			buildActionMask = 2147483647;
			files = (
				F55F840925DE132F001CAC53 /* ViewController.swift in Sources */,
				F55F840525DE132F001CAC53 /* AppDelegate.swift in Sources */,
				F55F840725DE132F001CAC53 /* SceneDelegate.swift in Sources */,
				F55F844525DF27BB001CAC53 /* MovieCell.swift in Sources */,
				F55F843825DE3FA4001CAC53 /* MoviesViewController.swift in Sources */,
			);
			runOnlyForDeploymentPostprocessing = 0;
		};
		F55F841325DE1331001CAC53 /* Sources */ = {
			isa = PBXSourcesBuildPhase;
			buildActionMask = 2147483647;
			files = (
				F55F841C25DE1331001CAC53 /* flixTests.swift in Sources */,
			);
			runOnlyForDeploymentPostprocessing = 0;
		};
		F55F841E25DE1331001CAC53 /* Sources */ = {
			isa = PBXSourcesBuildPhase;
			buildActionMask = 2147483647;
			files = (
				F55F842725DE1331001CAC53 /* flixUITests.swift in Sources */,
			);
			runOnlyForDeploymentPostprocessing = 0;
		};
/* End PBXSourcesBuildPhase section */

/* Begin PBXTargetDependency section */
		F55F841925DE1331001CAC53 /* PBXTargetDependency */ = {
			isa = PBXTargetDependency;
			target = F55F840025DE132F001CAC53 /* flix */;
			targetProxy = F55F841825DE1331001CAC53 /* PBXContainerItemProxy */;
		};
		F55F842425DE1331001CAC53 /* PBXTargetDependency */ = {
			isa = PBXTargetDependency;
			target = F55F840025DE132F001CAC53 /* flix */;
			targetProxy = F55F842325DE1331001CAC53 /* PBXContainerItemProxy */;
		};
/* End PBXTargetDependency section */

/* Begin PBXVariantGroup section */
		F55F840A25DE132F001CAC53 /* Main.storyboard */ = {
			isa = PBXVariantGroup;
			children = (
				F55F840B25DE132F001CAC53 /* Base */,
			);
			name = Main.storyboard;
			sourceTree = "<group>";
		};
		F55F840F25DE1331001CAC53 /* LaunchScreen.storyboard */ = {
			isa = PBXVariantGroup;
			children = (
				F55F841025DE1331001CAC53 /* Base */,
			);
			name = LaunchScreen.storyboard;
			sourceTree = "<group>";
		};
/* End PBXVariantGroup section */

/* Begin XCBuildConfiguration section */
		F55F842925DE1331001CAC53 /* Debug */ = {
			isa = XCBuildConfiguration;
			buildSettings = {
				ALWAYS_SEARCH_USER_PATHS = NO;
				CLANG_ANALYZER_NONNULL = YES;
				CLANG_ANALYZER_NUMBER_OBJECT_CONVERSION = YES_AGGRESSIVE;
				CLANG_CXX_LANGUAGE_STANDARD = "gnu++14";
				CLANG_CXX_LIBRARY = "libc++";
				CLANG_ENABLE_MODULES = YES;
				CLANG_ENABLE_OBJC_ARC = YES;
				CLANG_ENABLE_OBJC_WEAK = YES;
				CLANG_WARN_BLOCK_CAPTURE_AUTORELEASING = YES;
				CLANG_WARN_BOOL_CONVERSION = YES;
				CLANG_WARN_COMMA = YES;
				CLANG_WARN_CONSTANT_CONVERSION = YES;
				CLANG_WARN_DEPRECATED_OBJC_IMPLEMENTATIONS = YES;
				CLANG_WARN_DIRECT_OBJC_ISA_USAGE = YES_ERROR;
				CLANG_WARN_DOCUMENTATION_COMMENTS = YES;
				CLANG_WARN_EMPTY_BODY = YES;
				CLANG_WARN_ENUM_CONVERSION = YES;
				CLANG_WARN_INFINITE_RECURSION = YES;
				CLANG_WARN_INT_CONVERSION = YES;
				CLANG_WARN_NON_LITERAL_NULL_CONVERSION = YES;
				CLANG_WARN_OBJC_IMPLICIT_RETAIN_SELF = YES;
				CLANG_WARN_OBJC_LITERAL_CONVERSION = YES;
				CLANG_WARN_OBJC_ROOT_CLASS = YES_ERROR;
				CLANG_WARN_QUOTED_INCLUDE_IN_FRAMEWORK_HEADER = YES;
				CLANG_WARN_RANGE_LOOP_ANALYSIS = YES;
				CLANG_WARN_STRICT_PROTOTYPES = YES;
				CLANG_WARN_SUSPICIOUS_MOVE = YES;
				CLANG_WARN_UNGUARDED_AVAILABILITY = YES_AGGRESSIVE;
				CLANG_WARN_UNREACHABLE_CODE = YES;
				CLANG_WARN__DUPLICATE_METHOD_MATCH = YES;
				COPY_PHASE_STRIP = NO;
				DEBUG_INFORMATION_FORMAT = dwarf;
				ENABLE_STRICT_OBJC_MSGSEND = YES;
				ENABLE_TESTABILITY = YES;
				GCC_C_LANGUAGE_STANDARD = gnu11;
				GCC_DYNAMIC_NO_PIC = NO;
				GCC_NO_COMMON_BLOCKS = YES;
				GCC_OPTIMIZATION_LEVEL = 0;
				GCC_PREPROCESSOR_DEFINITIONS = (
					"DEBUG=1",
					"$(inherited)",
				);
				GCC_WARN_64_TO_32_BIT_CONVERSION = YES;
				GCC_WARN_ABOUT_RETURN_TYPE = YES_ERROR;
				GCC_WARN_UNDECLARED_SELECTOR = YES;
				GCC_WARN_UNINITIALIZED_AUTOS = YES_AGGRESSIVE;
				GCC_WARN_UNUSED_FUNCTION = YES;
				GCC_WARN_UNUSED_VARIABLE = YES;
				IPHONEOS_DEPLOYMENT_TARGET = 14.4;
				MTL_ENABLE_DEBUG_INFO = INCLUDE_SOURCE;
				MTL_FAST_MATH = YES;
				ONLY_ACTIVE_ARCH = YES;
				SDKROOT = iphoneos;
				SWIFT_ACTIVE_COMPILATION_CONDITIONS = DEBUG;
				SWIFT_OPTIMIZATION_LEVEL = "-Onone";
			};
			name = Debug;
		};
		F55F842A25DE1331001CAC53 /* Release */ = {
			isa = XCBuildConfiguration;
			buildSettings = {
				ALWAYS_SEARCH_USER_PATHS = NO;
				CLANG_ANALYZER_NONNULL = YES;
				CLANG_ANALYZER_NUMBER_OBJECT_CONVERSION = YES_AGGRESSIVE;
				CLANG_CXX_LANGUAGE_STANDARD = "gnu++14";
				CLANG_CXX_LIBRARY = "libc++";
				CLANG_ENABLE_MODULES = YES;
				CLANG_ENABLE_OBJC_ARC = YES;
				CLANG_ENABLE_OBJC_WEAK = YES;
				CLANG_WARN_BLOCK_CAPTURE_AUTORELEASING = YES;
				CLANG_WARN_BOOL_CONVERSION = YES;
				CLANG_WARN_COMMA = YES;
				CLANG_WARN_CONSTANT_CONVERSION = YES;
				CLANG_WARN_DEPRECATED_OBJC_IMPLEMENTATIONS = YES;
				CLANG_WARN_DIRECT_OBJC_ISA_USAGE = YES_ERROR;
				CLANG_WARN_DOCUMENTATION_COMMENTS = YES;
				CLANG_WARN_EMPTY_BODY = YES;
				CLANG_WARN_ENUM_CONVERSION = YES;
				CLANG_WARN_INFINITE_RECURSION = YES;
				CLANG_WARN_INT_CONVERSION = YES;
				CLANG_WARN_NON_LITERAL_NULL_CONVERSION = YES;
				CLANG_WARN_OBJC_IMPLICIT_RETAIN_SELF = YES;
				CLANG_WARN_OBJC_LITERAL_CONVERSION = YES;
				CLANG_WARN_OBJC_ROOT_CLASS = YES_ERROR;
				CLANG_WARN_QUOTED_INCLUDE_IN_FRAMEWORK_HEADER = YES;
				CLANG_WARN_RANGE_LOOP_ANALYSIS = YES;
				CLANG_WARN_STRICT_PROTOTYPES = YES;
				CLANG_WARN_SUSPICIOUS_MOVE = YES;
				CLANG_WARN_UNGUARDED_AVAILABILITY = YES_AGGRESSIVE;
				CLANG_WARN_UNREACHABLE_CODE = YES;
				CLANG_WARN__DUPLICATE_METHOD_MATCH = YES;
				COPY_PHASE_STRIP = NO;
				DEBUG_INFORMATION_FORMAT = "dwarf-with-dsym";
				ENABLE_NS_ASSERTIONS = NO;
				ENABLE_STRICT_OBJC_MSGSEND = YES;
				GCC_C_LANGUAGE_STANDARD = gnu11;
				GCC_NO_COMMON_BLOCKS = YES;
				GCC_WARN_64_TO_32_BIT_CONVERSION = YES;
				GCC_WARN_ABOUT_RETURN_TYPE = YES_ERROR;
				GCC_WARN_UNDECLARED_SELECTOR = YES;
				GCC_WARN_UNINITIALIZED_AUTOS = YES_AGGRESSIVE;
				GCC_WARN_UNUSED_FUNCTION = YES;
				GCC_WARN_UNUSED_VARIABLE = YES;
				IPHONEOS_DEPLOYMENT_TARGET = 14.4;
				MTL_ENABLE_DEBUG_INFO = NO;
				MTL_FAST_MATH = YES;
				SDKROOT = iphoneos;
				SWIFT_COMPILATION_MODE = wholemodule;
				SWIFT_OPTIMIZATION_LEVEL = "-O";
				VALIDATE_PRODUCT = YES;
			};
			name = Release;
		};
		F55F842C25DE1331001CAC53 /* Debug */ = {
			isa = XCBuildConfiguration;
			baseConfigurationReference = BF73998666413428DBCE92DA /* Pods-flix.debug.xcconfig */;
			buildSettings = {
				ASSETCATALOG_COMPILER_APPICON_NAME = AppIcon;
				ASSETCATALOG_COMPILER_GLOBAL_ACCENT_COLOR_NAME = AccentColor;
				CODE_SIGN_STYLE = Automatic;
				INFOPLIST_FILE = flix/Info.plist;
				LD_RUNPATH_SEARCH_PATHS = (
					"$(inherited)",
					"@executable_path/Frameworks",
				);
				PRODUCT_BUNDLE_IDENTIFIER = com.ianfonberg.flix;
				PRODUCT_NAME = "$(TARGET_NAME)";
				SWIFT_VERSION = 5.0;
				TARGETED_DEVICE_FAMILY = "1,2";
			};
			name = Debug;
		};
		F55F842D25DE1331001CAC53 /* Release */ = {
			isa = XCBuildConfiguration;
			baseConfigurationReference = 36617108F26CBEB2B3DA7D51 /* Pods-flix.release.xcconfig */;
			buildSettings = {
				ASSETCATALOG_COMPILER_APPICON_NAME = AppIcon;
				ASSETCATALOG_COMPILER_GLOBAL_ACCENT_COLOR_NAME = AccentColor;
				CODE_SIGN_STYLE = Automatic;
				INFOPLIST_FILE = flix/Info.plist;
				LD_RUNPATH_SEARCH_PATHS = (
					"$(inherited)",
					"@executable_path/Frameworks",
				);
				PRODUCT_BUNDLE_IDENTIFIER = com.ianfonberg.flix;
				PRODUCT_NAME = "$(TARGET_NAME)";
				SWIFT_VERSION = 5.0;
				TARGETED_DEVICE_FAMILY = "1,2";
			};
			name = Release;
		};
		F55F842F25DE1331001CAC53 /* Debug */ = {
			isa = XCBuildConfiguration;
			baseConfigurationReference = E43FA5328FE7953BFA56CC8E /* Pods-flixTests.debug.xcconfig */;
			buildSettings = {
				ALWAYS_EMBED_SWIFT_STANDARD_LIBRARIES = YES;
				BUNDLE_LOADER = "$(TEST_HOST)";
				CODE_SIGN_STYLE = Automatic;
				INFOPLIST_FILE = flixTests/Info.plist;
				IPHONEOS_DEPLOYMENT_TARGET = 14.4;
				LD_RUNPATH_SEARCH_PATHS = (
					"$(inherited)",
					"@executable_path/Frameworks",
					"@loader_path/Frameworks",
				);
				PRODUCT_BUNDLE_IDENTIFIER = com.ianfonberg.flixTests;
				PRODUCT_NAME = "$(TARGET_NAME)";
				SWIFT_VERSION = 5.0;
				TARGETED_DEVICE_FAMILY = "1,2";
				TEST_HOST = "$(BUILT_PRODUCTS_DIR)/flix.app/flix";
			};
			name = Debug;
		};
		F55F843025DE1331001CAC53 /* Release */ = {
			isa = XCBuildConfiguration;
			baseConfigurationReference = D01FD20B6004B62603AAFFC5 /* Pods-flixTests.release.xcconfig */;
			buildSettings = {
				ALWAYS_EMBED_SWIFT_STANDARD_LIBRARIES = YES;
				BUNDLE_LOADER = "$(TEST_HOST)";
				CODE_SIGN_STYLE = Automatic;
				INFOPLIST_FILE = flixTests/Info.plist;
				IPHONEOS_DEPLOYMENT_TARGET = 14.4;
				LD_RUNPATH_SEARCH_PATHS = (
					"$(inherited)",
					"@executable_path/Frameworks",
					"@loader_path/Frameworks",
				);
				PRODUCT_BUNDLE_IDENTIFIER = com.ianfonberg.flixTests;
				PRODUCT_NAME = "$(TARGET_NAME)";
				SWIFT_VERSION = 5.0;
				TARGETED_DEVICE_FAMILY = "1,2";
				TEST_HOST = "$(BUILT_PRODUCTS_DIR)/flix.app/flix";
			};
			name = Release;
		};
		F55F843225DE1331001CAC53 /* Debug */ = {
			isa = XCBuildConfiguration;
			baseConfigurationReference = 4B201DACB16A49ADC46D5AB5 /* Pods-flix-flixUITests.debug.xcconfig */;
			buildSettings = {
				ALWAYS_EMBED_SWIFT_STANDARD_LIBRARIES = YES;
				CODE_SIGN_STYLE = Automatic;
				INFOPLIST_FILE = flixUITests/Info.plist;
				LD_RUNPATH_SEARCH_PATHS = (
					"$(inherited)",
					"@executable_path/Frameworks",
					"@loader_path/Frameworks",
				);
				PRODUCT_BUNDLE_IDENTIFIER = com.ianfonberg.flixUITests;
				PRODUCT_NAME = "$(TARGET_NAME)";
				SWIFT_VERSION = 5.0;
				TARGETED_DEVICE_FAMILY = "1,2";
				TEST_TARGET_NAME = flix;
			};
			name = Debug;
		};
		F55F843325DE1331001CAC53 /* Release */ = {
			isa = XCBuildConfiguration;
			baseConfigurationReference = 5DCAD75B268F177322305AF1 /* Pods-flix-flixUITests.release.xcconfig */;
			buildSettings = {
				ALWAYS_EMBED_SWIFT_STANDARD_LIBRARIES = YES;
				CODE_SIGN_STYLE = Automatic;
				INFOPLIST_FILE = flixUITests/Info.plist;
				LD_RUNPATH_SEARCH_PATHS = (
					"$(inherited)",
					"@executable_path/Frameworks",
					"@loader_path/Frameworks",
				);
				PRODUCT_BUNDLE_IDENTIFIER = com.ianfonberg.flixUITests;
				PRODUCT_NAME = "$(TARGET_NAME)";
				SWIFT_VERSION = 5.0;
				TARGETED_DEVICE_FAMILY = "1,2";
				TEST_TARGET_NAME = flix;
			};
			name = Release;
		};
/* End XCBuildConfiguration section */

/* Begin XCConfigurationList section */
		F55F83FC25DE132F001CAC53 /* Build configuration list for PBXProject "flix" */ = {
			isa = XCConfigurationList;
			buildConfigurations = (
				F55F842925DE1331001CAC53 /* Debug */,
				F55F842A25DE1331001CAC53 /* Release */,
			);
			defaultConfigurationIsVisible = 0;
			defaultConfigurationName = Release;
		};
		F55F842B25DE1331001CAC53 /* Build configuration list for PBXNativeTarget "flix" */ = {
			isa = XCConfigurationList;
			buildConfigurations = (
				F55F842C25DE1331001CAC53 /* Debug */,
				F55F842D25DE1331001CAC53 /* Release */,
			);
			defaultConfigurationIsVisible = 0;
			defaultConfigurationName = Release;
		};
		F55F842E25DE1331001CAC53 /* Build configuration list for PBXNativeTarget "flixTests" */ = {
			isa = XCConfigurationList;
			buildConfigurations = (
				F55F842F25DE1331001CAC53 /* Debug */,
				F55F843025DE1331001CAC53 /* Release */,
			);
			defaultConfigurationIsVisible = 0;
			defaultConfigurationName = Release;
		};
		F55F843125DE1331001CAC53 /* Build configuration list for PBXNativeTarget "flixUITests" */ = {
			isa = XCConfigurationList;
			buildConfigurations = (
				F55F843225DE1331001CAC53 /* Debug */,
				F55F843325DE1331001CAC53 /* Release */,
			);
			defaultConfigurationIsVisible = 0;
			defaultConfigurationName = Release;
		};
/* End XCConfigurationList section */
	};
	rootObject = F55F83F925DE132F001CAC53 /* Project object */;
}
